
Microsoft Visual Studio Solution File, Format Version 12.00
# Visual Studio Version 17
VisualStudioVersion = 17.9.34728.123
MinimumVisualStudioVersion = 10.0.40219.1
Project("{888888A0-9F3D-457C-B088-3A5042F75D52}") = "practise_uni", "practise_uni\practise_uni.pyproj", "{B9AB67CB-E851-46AC-A088-FC9825447B6A}"
EndProject
Global
	GlobalSection(SolutionConfigurationPlatforms) = preSolution
		Debug|Any CPU = Debug|Any CPU
		Release|Any CPU = Release|Any CPU
	EndGlobalSection
	GlobalSection(ProjectConfigurationPlatforms) = postSolution
		{B9AB67CB-E851-46AC-A088-FC9825447B6A}.Debug|Any CPU.ActiveCfg = Debug|Any CPU
		{B9AB67CB-E851-46AC-A088-FC9825447B6A}.Release|Any CPU.ActiveCfg = Release|Any CPU
	EndGlobalSection
	GlobalSection(SolutionProperties) = preSolution
		HideSolutionNode = FALSE
	EndGlobalSection
	GlobalSection(ExtensibilityGlobals) = postSolution
		SolutionGuid = {21AF26D4-102A-4332-8CCF-B2B1C39A94B9}
	EndGlobalSection
EndGlobal
